
Microsoft Visual Studio Solution File, Format Version 12.00
# Visual Studio Version 16
VisualStudioVersion = 16.0.33920.266
MinimumVisualStudioVersion = 10.0.40219.1
Project("{FAE04EC0-301F-11D3-BF4B-00C04F79EFBC}") = "switchcase", "switchcase\switchcase.csproj", "{747651E8-2128-43DD-B1CE-5D5BA08D2640}"
EndProject
Global
	GlobalSection(SolutionConfigurationPlatforms) = preSolution
		Debug|Any CPU = Debug|Any CPU
		Release|Any CPU = Release|Any CPU
	EndGlobalSection
	GlobalSection(ProjectConfigurationPlatforms) = postSolution
		{747651E8-2128-43DD-B1CE-5D5BA08D2640}.Debug|Any CPU.ActiveCfg = Debug|Any CPU
		{747651E8-2128-43DD-B1CE-5D5BA08D2640}.Debug|Any CPU.Build.0 = Debug|Any CPU
		{747651E8-2128-43DD-B1CE-5D5BA08D2640}.Release|Any CPU.ActiveCfg = Release|Any CPU
		{747651E8-2128-43DD-B1CE-5D5BA08D2640}.Release|Any CPU.Build.0 = Release|Any CPU
	EndGlobalSection
	GlobalSection(SolutionProperties) = preSolution
		HideSolutionNode = FALSE
	EndGlobalSection
	GlobalSection(ExtensibilityGlobals) = postSolution
		SolutionGuid = {930B8426-009C-46DB-BC7A-0643BEEA74CC}
	EndGlobalSection
EndGlobal
